
Microsoft Visual Studio Solution File, Format Version 12.00
# Visual Studio Version 17
VisualStudioVersion = 17.14.36408.4 d17.14
MinimumVisualStudioVersion = 10.0.40219.1
Project("{FAE04EC0-301F-11D3-BF4B-00C04F79EFBC}") = "Roteirizador", "Roteirizador\Roteirizador.csproj", "{8AAE61E9-5658-40E1-B56B-135F6FC27F7B}"
EndProject
Global
	GlobalSection(SolutionConfigurationPlatforms) = preSolution
		Debug|Any CPU = Debug|Any CPU
		Release|Any CPU = Release|Any CPU
	EndGlobalSection
	GlobalSection(ProjectConfigurationPlatforms) = postSolution
		{8AAE61E9-5658-40E1-B56B-135F6FC27F7B}.Debug|Any CPU.ActiveCfg = Debug|Any CPU
		{8AAE61E9-5658-40E1-B56B-135F6FC27F7B}.Debug|Any CPU.Build.0 = Debug|Any CPU
		{8AAE61E9-5658-40E1-B56B-135F6FC27F7B}.Debug|Any CPU.Deploy.0 = Debug|Any CPU
		{8AAE61E9-5658-40E1-B56B-135F6FC27F7B}.Release|Any CPU.ActiveCfg = Release|Any CPU
		{8AAE61E9-5658-40E1-B56B-135F6FC27F7B}.Release|Any CPU.Build.0 = Release|Any CPU
		{8AAE61E9-5658-40E1-B56B-135F6FC27F7B}.Release|Any CPU.Deploy.0 = Release|Any CPU
	EndGlobalSection
	GlobalSection(SolutionProperties) = preSolution
		HideSolutionNode = FALSE
	EndGlobalSection
	GlobalSection(ExtensibilityGlobals) = postSolution
		SolutionGuid = {E08FC0D1-20EE-4FEF-A994-DF32FD5CBD7B}
	EndGlobalSection
EndGlobal
